
Microsoft Visual Studio Solution File, Format Version 12.00
# Visual Studio 15
VisualStudioVersion = 15.0.28307.1169
MinimumVisualStudioVersion = 10.0.40219.1
Project("{FAE04EC0-301F-11D3-BF4B-00C04F79EFBC}") = "ProxySwitcher", "ProxySwitcher\ProxySwitcher.csproj", "{FFB3737C-EBC6-439D-9421-1BC62DB32CA7}"
EndProject
Global
	GlobalSection(SolutionConfigurationPlatforms) = preSolution
		Debug|Any CPU = Debug|Any CPU
		Release|Any CPU = Release|Any CPU
	EndGlobalSection
	GlobalSection(ProjectConfigurationPlatforms) = postSolution
		{FFB3737C-EBC6-439D-9421-1BC62DB32CA7}.Debug|Any CPU.ActiveCfg = Debug|Any CPU
		{FFB3737C-EBC6-439D-9421-1BC62DB32CA7}.Debug|Any CPU.Build.0 = Debug|Any CPU
		{FFB3737C-EBC6-439D-9421-1BC62DB32CA7}.Release|Any CPU.ActiveCfg = Release|Any CPU
		{FFB3737C-EBC6-439D-9421-1BC62DB32CA7}.Release|Any CPU.Build.0 = Release|Any CPU
	EndGlobalSection
	GlobalSection(SolutionProperties) = preSolution
		HideSolutionNode = FALSE
	EndGlobalSection
	GlobalSection(ExtensibilityGlobals) = postSolution
		SolutionGuid = {735F3E4A-9CBD-411E-BEF2-9FC468DD925B}
	EndGlobalSection
EndGlobal
